
Microsoft Visual Studio Solution File, Format Version 12.00
# Visual Studio Version 17
VisualStudioVersion = 17.8.34330.188
MinimumVisualStudioVersion = 10.0.40219.1
Project("{FAE04EC0-301F-11D3-BF4B-00C04F79EFBC}") = "pizdecsykablyat", "pizdecsykablyat\pizdecsykablyat.csproj", "{84C0AAFB-5EBB-4201-A990-E4E03F7EC644}"
EndProject
Global
	GlobalSection(SolutionConfigurationPlatforms) = preSolution
		Debug|Any CPU = Debug|Any CPU
		Release|Any CPU = Release|Any CPU
	EndGlobalSection
	GlobalSection(ProjectConfigurationPlatforms) = postSolution
		{84C0AAFB-5EBB-4201-A990-E4E03F7EC644}.Debug|Any CPU.ActiveCfg = Debug|Any CPU
		{84C0AAFB-5EBB-4201-A990-E4E03F7EC644}.Debug|Any CPU.Build.0 = Debug|Any CPU
		{84C0AAFB-5EBB-4201-A990-E4E03F7EC644}.Release|Any CPU.ActiveCfg = Release|Any CPU
		{84C0AAFB-5EBB-4201-A990-E4E03F7EC644}.Release|Any CPU.Build.0 = Release|Any CPU
	EndGlobalSection
	GlobalSection(SolutionProperties) = preSolution
		HideSolutionNode = FALSE
	EndGlobalSection
	GlobalSection(ExtensibilityGlobals) = postSolution
		SolutionGuid = {5D245598-914F-4885-9B03-68ED12CB5DAC}
	EndGlobalSection
EndGlobal
